
Microsoft Visual Studio Solution File, Format Version 12.00
# Visual Studio Version 17
VisualStudioVersion = 17.4.33205.214
MinimumVisualStudioVersion = 10.0.40219.1
Project("{FAE04EC0-301F-11D3-BF4B-00C04F79EFBC}") = "MyVideoDowloader", "MyVideoDowloader.csproj", "{D6DDD68D-9585-4B0A-BEB7-9F859B8F43BE}"
EndProject
Global
	GlobalSection(SolutionConfigurationPlatforms) = preSolution
		Debug|Any CPU = Debug|Any CPU
		Release|Any CPU = Release|Any CPU
	EndGlobalSection
	GlobalSection(ProjectConfigurationPlatforms) = postSolution
		{D6DDD68D-9585-4B0A-BEB7-9F859B8F43BE}.Debug|Any CPU.ActiveCfg = Debug|Any CPU
		{D6DDD68D-9585-4B0A-BEB7-9F859B8F43BE}.Debug|Any CPU.Build.0 = Debug|Any CPU
		{D6DDD68D-9585-4B0A-BEB7-9F859B8F43BE}.Release|Any CPU.ActiveCfg = Release|Any CPU
		{D6DDD68D-9585-4B0A-BEB7-9F859B8F43BE}.Release|Any CPU.Build.0 = Release|Any CPU
	EndGlobalSection
	GlobalSection(SolutionProperties) = preSolution
		HideSolutionNode = FALSE
	EndGlobalSection
	GlobalSection(ExtensibilityGlobals) = postSolution
		SolutionGuid = {D76E2D43-3033-479D-87BD-38408702B952}
	EndGlobalSection
EndGlobal
